// !$*UTF8*$!
{
	archiveVersion = 1;
	classes = {
	};
	objectVersion = 46;
	objects = {

/* Begin PBXBuildFile section */
		73797F30170B3D9200D1CDDF /* Cocoa.framework in Frameworks */ = {isa = PBXBuildFile; fileRef = 73797F2F170B3D9200D1CDDF /* Cocoa.framework */; };
		73797F3A170B3D9200D1CDDF /* InfoPlist.strings in Resources */ = {isa = PBXBuildFile; fileRef = 73797F38170B3D9200D1CDDF /* InfoPlist.strings */; };
		73797F3C170B3D9200D1CDDF /* main.m in Sources */ = {isa = PBXBuildFile; fileRef = 73797F3B170B3D9200D1CDDF /* main.m */; };
		73797F50170B3DB200D1CDDF /* AKMethodNameExtractor.m in Sources */ = {isa = PBXBuildFile; fileRef = 73797F4D170B3DB200D1CDDF /* AKMethodNameExtractor.m */; };
		73797F51170B3DB200D1CDDF /* CSServicesProvider.m in Sources */ = {isa = PBXBuildFile; fileRef = 73797F4F170B3DB200D1CDDF /* CSServicesProvider.m */; };
		73797F53170B412900D1CDDF /* README.markdown in Resources */ = {isa = PBXBuildFile; fileRef = 73797F52170B412900D1CDDF /* README.markdown */; };
/* End PBXBuildFile section */

/* Begin PBXFileReference section */
		73797F2B170B3D9200D1CDDF /* CopySelector.service */ = {isa = PBXFileReference; explicitFileType = wrapper.application; includeInIndex = 0; path = CopySelector.service; sourceTree = BUILT_PRODUCTS_DIR; };
		73797F2F170B3D9200D1CDDF /* Cocoa.framework */ = {isa = PBXFileReference; lastKnownFileType = wrapper.framework; name = Cocoa.framework; path = System/Library/Frameworks/Cocoa.framework; sourceTree = SDKROOT; };
		73797F32170B3D9200D1CDDF /* AppKit.framework */ = {isa = PBXFileReference; lastKnownFileType = wrapper.framework; name = AppKit.framework; path = System/Library/Frameworks/AppKit.framework; sourceTree = SDKROOT; };
		73797F33170B3D9200D1CDDF /* CoreData.framework */ = {isa = PBXFileReference; lastKnownFileType = wrapper.framework; name = CoreData.framework; path = System/Library/Frameworks/CoreData.framework; sourceTree = SDKROOT; };
		73797F34170B3D9200D1CDDF /* Foundation.framework */ = {isa = PBXFileReference; lastKnownFileType = wrapper.framework; name = Foundation.framework; path = System/Library/Frameworks/Foundation.framework; sourceTree = SDKROOT; };
		73797F37170B3D9200D1CDDF /* CopySelector-Info.plist */ = {isa = PBXFileReference; lastKnownFileType = text.plist.xml; path = "CopySelector-Info.plist"; sourceTree = "<group>"; };
		73797F39170B3D9200D1CDDF /* en */ = {isa = PBXFileReference; lastKnownFileType = text.plist.strings; name = en; path = en.lproj/InfoPlist.strings; sourceTree = "<group>"; };
		73797F3B170B3D9200D1CDDF /* main.m */ = {isa = PBXFileReference; lastKnownFileType = sourcecode.c.objc; path = main.m; sourceTree = "<group>"; };
		73797F3D170B3D9200D1CDDF /* CopySelector-Prefix.pch */ = {isa = PBXFileReference; lastKnownFileType = sourcecode.c.h; path = "CopySelector-Prefix.pch"; sourceTree = "<group>"; };
		73797F4C170B3DB200D1CDDF /* AKMethodNameExtractor.h */ = {isa = PBXFileReference; fileEncoding = 4; lastKnownFileType = sourcecode.c.h; path = AKMethodNameExtractor.h; sourceTree = "<group>"; };
		73797F4D170B3DB200D1CDDF /* AKMethodNameExtractor.m */ = {isa = PBXFileReference; fileEncoding = 4; lastKnownFileType = sourcecode.c.objc; path = AKMethodNameExtractor.m; sourceTree = "<group>"; };
		73797F4E170B3DB200D1CDDF /* CSServicesProvider.h */ = {isa = PBXFileReference; fileEncoding = 4; lastKnownFileType = sourcecode.c.h; path = CSServicesProvider.h; sourceTree = "<group>"; };
		73797F4F170B3DB200D1CDDF /* CSServicesProvider.m */ = {isa = PBXFileReference; fileEncoding = 4; lastKnownFileType = sourcecode.c.objc; path = CSServicesProvider.m; sourceTree = "<group>"; };
		73797F52170B412900D1CDDF /* README.markdown */ = {isa = PBXFileReference; fileEncoding = 4; lastKnownFileType = text; path = README.markdown; sourceTree = "<group>"; };
/* End PBXFileReference section */

/* Begin PBXFrameworksBuildPhase section */
		73797F28170B3D9200D1CDDF /* Frameworks */ = {
			isa = PBXFrameworksBuildPhase;
			buildActionMask = 2147483647;
			files = (
				73797F30170B3D9200D1CDDF /* Cocoa.framework in Frameworks */,
			);
			runOnlyForDeploymentPostprocessing = 0;
		};
/* End PBXFrameworksBuildPhase section */

/* Begin PBXGroup section */
		73797F20170B3D9200D1CDDF = {
			isa = PBXGroup;
			children = (
				73797F52170B412900D1CDDF /* README.markdown */,
				73797F35170B3D9200D1CDDF /* CopySelector */,
				73797F2E170B3D9200D1CDDF /* Frameworks */,
				73797F2C170B3D9200D1CDDF /* Products */,
			);
			sourceTree = "<group>";
		};
		73797F2C170B3D9200D1CDDF /* Products */ = {
			isa = PBXGroup;
			children = (
				73797F2B170B3D9200D1CDDF /* CopySelector.service */,
			);
			name = Products;
			sourceTree = "<group>";
		};
		73797F2E170B3D9200D1CDDF /* Frameworks */ = {
			isa = PBXGroup;
			children = (
				73797F2F170B3D9200D1CDDF /* Cocoa.framework */,
				73797F31170B3D9200D1CDDF /* Other Frameworks */,
			);
			name = Frameworks;
			sourceTree = "<group>";
		};
		73797F31170B3D9200D1CDDF /* Other Frameworks */ = {
			isa = PBXGroup;
			children = (
				73797F32170B3D9200D1CDDF /* AppKit.framework */,
				73797F33170B3D9200D1CDDF /* CoreData.framework */,
				73797F34170B3D9200D1CDDF /* Foundation.framework */,
			);
			name = "Other Frameworks";
			sourceTree = "<group>";
		};
		73797F35170B3D9200D1CDDF /* CopySelector */ = {
			isa = PBXGroup;
			children = (
				73797F4C170B3DB200D1CDDF /* AKMethodNameExtractor.h */,
				73797F4D170B3DB200D1CDDF /* AKMethodNameExtractor.m */,
				73797F4E170B3DB200D1CDDF /* CSServicesProvider.h */,
				73797F4F170B3DB200D1CDDF /* CSServicesProvider.m */,
				73797F36170B3D9200D1CDDF /* Supporting Files */,
			);
			path = CopySelector;
			sourceTree = "<group>";
		};
		73797F36170B3D9200D1CDDF /* Supporting Files */ = {
			isa = PBXGroup;
			children = (
				73797F37170B3D9200D1CDDF /* CopySelector-Info.plist */,
				73797F38170B3D9200D1CDDF /* InfoPlist.strings */,
				73797F3B170B3D9200D1CDDF /* main.m */,
				73797F3D170B3D9200D1CDDF /* CopySelector-Prefix.pch */,
			);
			name = "Supporting Files";
			sourceTree = "<group>";
		};
/* End PBXGroup section */

/* Begin PBXNativeTarget section */
		73797F2A170B3D9200D1CDDF /* CopySelector */ = {
			isa = PBXNativeTarget;
			buildConfigurationList = 73797F49170B3D9200D1CDDF /* Build configuration list for PBXNativeTarget "CopySelector" */;
			buildPhases = (
				73797F27170B3D9200D1CDDF /* Sources */,
				73797F28170B3D9200D1CDDF /* Frameworks */,
				73797F29170B3D9200D1CDDF /* Resources */,
			);
			buildRules = (
			);
			dependencies = (
			);
			name = CopySelector;
			productName = CopySelector;
			productReference = 73797F2B170B3D9200D1CDDF /* CopySelector.service */;
			productType = "com.apple.product-type.application";
		};
/* End PBXNativeTarget section */

/* Begin PBXProject section */
		73797F22170B3D9200D1CDDF /* Project object */ = {
			isa = PBXProject;
			attributes = {
				CLASSPREFIX = CS;
				LastUpgradeCheck = 1300;
				ORGANIZATIONNAME = "Andy Lee";
			};
			buildConfigurationList = 73797F25170B3D9200D1CDDF /* Build configuration list for PBXProject "CopySelector" */;
			compatibilityVersion = "Xcode 3.2";
			developmentRegion = en;
			hasScannedForEncodings = 0;
			knownRegions = (
				en,
				Base,
			);
			mainGroup = 73797F20170B3D9200D1CDDF;
			productRefGroup = 73797F2C170B3D9200D1CDDF /* Products */;
			projectDirPath = "";
			projectRoot = "";
			targets = (
				73797F2A170B3D9200D1CDDF /* CopySelector */,
			);
		};
/* End PBXProject section */

/* Begin PBXResourcesBuildPhase section */
		73797F29170B3D9200D1CDDF /* Resources */ = {
			isa = PBXResourcesBuildPhase;
			buildActionMask = 2147483647;
			files = (
				73797F3A170B3D9200D1CDDF /* InfoPlist.strings in Resources */,
				73797F53170B412900D1CDDF /* README.markdown in Resources */,
			);
			runOnlyForDeploymentPostprocessing = 0;
		};
/* End PBXResourcesBuildPhase section */

/* Begin PBXSourcesBuildPhase section */
		73797F27170B3D9200D1CDDF /* Sources */ = {
			isa = PBXSourcesBuildPhase;
			buildActionMask = 2147483647;
			files = (
				73797F3C170B3D9200D1CDDF /* main.m in Sources */,
				73797F50170B3DB200D1CDDF /* AKMethodNameExtractor.m in Sources */,
				73797F51170B3DB200D1CDDF /* CSServicesProvider.m in Sources */,
			);
			runOnlyForDeploymentPostprocessing = 0;
		};
/* End PBXSourcesBuildPhase section */

/* Begin PBXVariantGroup section */
		73797F38170B3D9200D1CDDF /* InfoPlist.strings */ = {
			isa = PBXVariantGroup;
			children = (
				73797F39170B3D9200D1CDDF /* en */,
			);
			name = InfoPlist.strings;
			sourceTree = "<group>";
		};
/* End PBXVariantGroup section */

/* Begin XCBuildConfiguration section */
		73797F47170B3D9200D1CDDF /* Debug */ = {
			isa = XCBuildConfiguration;
			buildSettings = {
				ALWAYS_SEARCH_USER_PATHS = NO;
				CLANG_ANALYZER_LOCALIZABILITY_NONLOCALIZED = YES;
				CLANG_CXX_LANGUAGE_STANDARD = "gnu++0x";
				CLANG_CXX_LIBRARY = "libc++";
				CLANG_WARN_BLOCK_CAPTURE_AUTORELEASING = YES;
				CLANG_WARN_BOOL_CONVERSION = YES;
				CLANG_WARN_COMMA = YES;
				CLANG_WARN_CONSTANT_CONVERSION = YES;
				CLANG_WARN_DEPRECATED_OBJC_IMPLEMENTATIONS = YES;
				CLANG_WARN_EMPTY_BODY = YES;
				CLANG_WARN_ENUM_CONVERSION = YES;
				CLANG_WARN_INFINITE_RECURSION = YES;
				CLANG_WARN_INT_CONVERSION = YES;
				CLANG_WARN_NON_LITERAL_NULL_CONVERSION = YES;
				CLANG_WARN_OBJC_IMPLICIT_RETAIN_SELF = YES;
				CLANG_WARN_OBJC_LITERAL_CONVERSION = YES;
				CLANG_WARN_QUOTED_INCLUDE_IN_FRAMEWORK_HEADER = YES;
				CLANG_WARN_RANGE_LOOP_ANALYSIS = YES;
				CLANG_WARN_STRICT_PROTOTYPES = YES;
				CLANG_WARN_SUSPICIOUS_MOVE = YES;
				CLANG_WARN_UNREACHABLE_CODE = YES;
				CLANG_WARN__DUPLICATE_METHOD_MATCH = YES;
				COPY_PHASE_STRIP = NO;
				ENABLE_STRICT_OBJC_MSGSEND = YES;
				ENABLE_TESTABILITY = YES;
				GCC_C_LANGUAGE_STANDARD = gnu99;
				GCC_DYNAMIC_NO_PIC = NO;
				GCC_ENABLE_OBJC_EXCEPTIONS = YES;
				GCC_NO_COMMON_BLOCKS = YES;
				GCC_OPTIMIZATION_LEVEL = 0;
				GCC_PREPROCESSOR_DEFINITIONS = (
					"DEBUG=1",
					"$(inherited)",
				);
				GCC_SYMBOLS_PRIVATE_EXTERN = NO;
				GCC_WARN_64_TO_32_BIT_CONVERSION = YES;
				GCC_WARN_ABOUT_RETURN_TYPE = YES;
				GCC_WARN_UNDECLARED_SELECTOR = YES;
				GCC_WARN_UNINITIALIZED_AUTOS = YES;
				GCC_WARN_UNUSED_FUNCTION = YES;
				GCC_WARN_UNUSED_VARIABLE = YES;
				MACOSX_DEPLOYMENT_TARGET = 10.9;
				ONLY_ACTIVE_ARCH = YES;
				SDKROOT = macosx;
			};
			name = Debug;
		};
		73797F48170B3D9200D1CDDF /* Release */ = {
			isa = XCBuildConfiguration;
			buildSettings = {
				ALWAYS_SEARCH_USER_PATHS = NO;
				CLANG_ANALYZER_LOCALIZABILITY_NONLOCALIZED = YES;
				CLANG_CXX_LANGUAGE_STANDARD = "gnu++0x";
				CLANG_CXX_LIBRARY = "libc++";
				CLANG_WARN_BLOCK_CAPTURE_AUTORELEASING = YES;
				CLANG_WARN_BOOL_CONVERSION = YES;
				CLANG_WARN_COMMA = YES;
				CLANG_WARN_CONSTANT_CONVERSION = YES;
				CLANG_WARN_DEPRECATED_OBJC_IMPLEMENTATIONS = YES;
				CLANG_WARN_EMPTY_BODY = YES;
				CLANG_WARN_ENUM_CONVERSION = YES;
				CLANG_WARN_INFINITE_RECURSION = YES;
				CLANG_WARN_INT_CONVERSION = YES;
				CLANG_WARN_NON_LITERAL_NULL_CONVERSION = YES;
				CLANG_WARN_OBJC_IMPLICIT_RETAIN_SELF = YES;
				CLANG_WARN_OBJC_LITERAL_CONVERSION = YES;
				CLANG_WARN_QUOTED_INCLUDE_IN_FRAMEWORK_HEADER = YES;
				CLANG_WARN_RANGE_LOOP_ANALYSIS = YES;
				CLANG_WARN_STRICT_PROTOTYPES = YES;
				CLANG_WARN_SUSPICIOUS_MOVE = YES;
				CLANG_WARN_UNREACHABLE_CODE = YES;
				CLANG_WARN__DUPLICATE_METHOD_MATCH = YES;
				COPY_PHASE_STRIP = YES;
				DEBUG_INFORMATION_FORMAT = "dwarf-with-dsym";
				ENABLE_STRICT_OBJC_MSGSEND = YES;
				GCC_C_LANGUAGE_STANDARD = gnu99;
				GCC_ENABLE_OBJC_EXCEPTIONS = YES;
				GCC_NO_COMMON_BLOCKS = YES;
				GCC_WARN_64_TO_32_BIT_CONVERSION = YES;
				GCC_WARN_ABOUT_RETURN_TYPE = YES;
				GCC_WARN_UNDECLARED_SELECTOR = YES;
				GCC_WARN_UNINITIALIZED_AUTOS = YES;
				GCC_WARN_UNUSED_FUNCTION = YES;
				GCC_WARN_UNUSED_VARIABLE = YES;
				MACOSX_DEPLOYMENT_TARGET = 10.9;
				SDKROOT = macosx;
			};
			name = Release;
		};
		73797F4A170B3D9200D1CDDF /* Debug */ = {
			isa = XCBuildConfiguration;
			buildSettings = {
				CLANG_ENABLE_OBJC_ARC = YES;
				CLANG_ENABLE_OBJC_WEAK = YES;
				CODE_SIGN_IDENTITY = "-";
				COMBINE_HIDPI_IMAGES = YES;
				GCC_PRECOMPILE_PREFIX_HEADER = YES;
				GCC_PREFIX_HEADER = "CopySelector/CopySelector-Prefix.pch";
				INFOPLIST_FILE = "CopySelector/CopySelector-Info.plist";
				PRODUCT_BUNDLE_IDENTIFIER = "com.appkido.${PRODUCT_NAME:rfc1034identifier}";
				PRODUCT_NAME = "$(TARGET_NAME)";
				WRAPPER_EXTENSION = service;
			};
			name = Debug;
		};
		73797F4B170B3D9200D1CDDF /* Release */ = {
			isa = XCBuildConfiguration;
			buildSettings = {
				CLANG_ENABLE_OBJC_ARC = YES;
				CLANG_ENABLE_OBJC_WEAK = YES;
				CODE_SIGN_IDENTITY = "-";
				COMBINE_HIDPI_IMAGES = YES;
				GCC_PRECOMPILE_PREFIX_HEADER = YES;
				GCC_PREFIX_HEADER = "CopySelector/CopySelector-Prefix.pch";
				INFOPLIST_FILE = "CopySelector/CopySelector-Info.plist";
				PRODUCT_BUNDLE_IDENTIFIER = "com.appkido.${PRODUCT_NAME:rfc1034identifier}";
				PRODUCT_NAME = "$(TARGET_NAME)";
				WRAPPER_EXTENSION = service;
			};
			name = Release;
		};
/* End XCBuildConfiguration section */

/* Begin XCConfigurationList section */
		73797F25170B3D9200D1CDDF /* Build configuration list for PBXProject "CopySelector" */ = {
			isa = XCConfigurationList;
			buildConfigurations = (
				73797F47170B3D9200D1CDDF /* Debug */,
				73797F48170B3D9200D1CDDF /* Release */,
			);
			defaultConfigurationIsVisible = 0;
			defaultConfigurationName = Release;
		};
		73797F49170B3D9200D1CDDF /* Build configuration list for PBXNativeTarget "CopySelector" */ = {
			isa = XCConfigurationList;
			buildConfigurations = (
				73797F4A170B3D9200D1CDDF /* Debug */,
				73797F4B170B3D9200D1CDDF /* Release */,
			);
			defaultConfigurationIsVisible = 0;
			defaultConfigurationName = Release;
		};
/* End XCConfigurationList section */
	};
	rootObject = 73797F22170B3D9200D1CDDF /* Project object */;
}
